<?xml version="1.0" encoding="utf-8"?>
<Project ToolsVersion="4.0" xmlns="http://schemas.microsoft.com/developer/msbuild/2003">
  <ItemGroup>
    <Filter Include="Translation Files">
      <UniqueIdentifier>{639EADAA-A684-42e4-A9AD-28FC9BCB8F7C}</UniqueIdentifier>
      <Extensions>ts</Extensions>
    </Filter>
    <Filter Include="src">
      <UniqueIdentifier>{4FC737F1-C7A5-4376-A066-2A32D752A2FF}</UniqueIdentifier>
      <Extensions>qml;cpp;c;cc;cxx;def;odl;idl;hpj;bat;asm;asmx</Extensions>
    </Filter>
    <Filter Include="include">
      <UniqueIdentifier>{93995380-89BD-4b04-88EB-625FBE52EBFB}</UniqueIdentifier>
      <Extensions>h;hh;hpp;hxx;hm;inl;inc;xsd</Extensions>
    </Filter>
    <Filter Include="resources">
      <UniqueIdentifier>{67DA6AB6-F800-4c08-8B7A-83BB121AAD01}</UniqueIdentifier>
      <Extensions>qrc;rc;ico;cur;bmp;dlg;rc2;rct;bin;rgs;gif;jpg;jpeg;jpe;resx;tiff;tif;png;wav;mfcribbon-ms</Extensions>
    </Filter>
    <Filter Include="ui">
      <UniqueIdentifier>{99349809-55BA-4b9d-BF79-8FDBB0286EB3}</UniqueIdentifier>
      <Extensions>ui</Extensions>
    </Filter>
    <Filter Include="resources\icons">
      <UniqueIdentifier>{68235e1c-6b3e-4dac-8150-0e3a0411cc52}</UniqueIdentifier>
    </Filter>
    <Filter Include="resources\icons\navbar">
      <UniqueIdentifier>{3275d887-1036-485e-95e4-f81ade75f3c5}</UniqueIdentifier>
    </Filter>
  </ItemGroup>
  <ItemGroup>
    <QtRcc Include="Bibliotheksverwaltungssystem.qrc">
      <Filter>resources</Filter>
    </QtRcc>
    <QtUic Include="Bibliotheksverwaltungssystem.ui">
      <Filter>ui</Filter>
    </QtUic>
    <QtMoc Include="Bibliotheksverwaltungssystem.h">
      <Filter>include</Filter>
    </QtMoc>
    <ClCompile Include="Bibliotheksverwaltungssystem.cpp">
      <Filter>src</Filter>
    </ClCompile>
  </ItemGroup>
  <ItemGroup>
    <ClCompile Include="main.cpp">
      <Filter>src</Filter>
    </ClCompile>
    <ClCompile Include="DatabaseManager.cpp">
      <Filter>src</Filter>
    </ClCompile>
    <ClCompile Include="LoginWindow.cpp">
      <Filter>src</Filter>
    </ClCompile>
    <ClCompile Include="MainWindow.cpp">
      <Filter>src</Filter>
    </ClCompile>
    <ClCompile Include="AddBookDialog.cpp">
      <Filter>src</Filter>
    </ClCompile>
    <ClCompile Include="BooksOverviewWidget.cpp">
      <Filter>src</Filter>
    </ClCompile>
    <ClCompile Include="LendingRequestsWidget.cpp">
      <Filter>src</Filter>
    </ClCompile>
    <ClCompile Include="UserLendingsWidget.cpp">
      <Filter>src</Filter>
    </ClCompile>
    <ClCompile Include="StatisticsWidget.cpp">
      <Filter>src</Filter>
    </ClCompile>
  </ItemGroup>
  <ItemGroup>
    <ClInclude Include="DatabaseManager.h">
      <Filter>include</Filter>
    </ClInclude>
  </ItemGroup>
  <ItemGroup>
    <QtMoc Include="LoginWindow.h">
      <Filter>include</Filter>
    </QtMoc>
    <QtMoc Include="MainWindow.h">
      <Filter>include</Filter>
    </QtMoc>
    <QtMoc Include="AddBookDialog.h">
      <Filter>include</Filter>
    </QtMoc>
    <QtMoc Include="BooksOverviewWidget.h">
      <Filter>include</Filter>
    </QtMoc>
    <QtMoc Include="LendingRequestsWidget.h">
      <Filter>include</Filter>
    </QtMoc>
    <QtMoc Include="UserLendingsWidget.h">
      <Filter>include</Filter>
    </QtMoc>
    <QtMoc Include="StatisticsWidget.h">
      <Filter>include</Filter>
    </QtMoc>
  </ItemGroup>
  <ItemGroup>
    <None Include="cpp.hint" />
    <None Include="style.qss">
      <Filter>src</Filter>
    </None>
    <None Include="G:\Downloads\minimize.svg">
      <Filter>resources\icons\navbar</Filter>
    </None>
    <None Include="G:\Downloads\close.svg">
      <Filter>resources\icons\navbar</Filter>
    </None>
  </ItemGroup>
</Project>